
Microsoft Visual Studio Solution File, Format Version 12.00
# Visual Studio 14
VisualStudioVersion = 14.0.25420.1
MinimumVisualStudioVersion = 10.0.40219.1
Project("{FAE04EC0-301F-11D3-BF4B-00C04F79EFBC}") = "Server", "Server\Server.csproj", "{1869B551-88A6-4FD8-BA41-D7FB145A6FC8}"
EndProject
Project("{FAE04EC0-301F-11D3-BF4B-00C04F79EFBC}") = "Client", "Client\Client.csproj", "{E20CD357-16F0-4299-A0EB-9440BC87D043}"
EndProject
Project("{FAE04EC0-301F-11D3-BF4B-00C04F79EFBC}") = "BusStationService", "BusStationService\BusStationService.csproj", "{617004B4-89C6-4676-878B-54576AA4EC1B}"
EndProject
Project("{FAE04EC0-301F-11D3-BF4B-00C04F79EFBC}") = "TestServices", "TestServices\TestServices.csproj", "{F2852532-557F-4FA1-BE3D-624174714D9D}"
EndProject
Project("{FAE04EC0-301F-11D3-BF4B-00C04F79EFBC}") = "Host", "Host\Host.csproj", "{79FFBF19-87BD-427F-874A-C4BB50680B56}"
EndProject
Global
	GlobalSection(SolutionConfigurationPlatforms) = preSolution
		Debug|Any CPU = Debug|Any CPU
		Release|Any CPU = Release|Any CPU
	EndGlobalSection
	GlobalSection(ProjectConfigurationPlatforms) = postSolution
		{1869B551-88A6-4FD8-BA41-D7FB145A6FC8}.Debug|Any CPU.ActiveCfg = Debug|Any CPU
		{1869B551-88A6-4FD8-BA41-D7FB145A6FC8}.Debug|Any CPU.Build.0 = Debug|Any CPU
		{1869B551-88A6-4FD8-BA41-D7FB145A6FC8}.Release|Any CPU.ActiveCfg = Release|Any CPU
		{1869B551-88A6-4FD8-BA41-D7FB145A6FC8}.Release|Any CPU.Build.0 = Release|Any CPU
		{E20CD357-16F0-4299-A0EB-9440BC87D043}.Debug|Any CPU.ActiveCfg = Debug|Any CPU
		{E20CD357-16F0-4299-A0EB-9440BC87D043}.Debug|Any CPU.Build.0 = Debug|Any CPU
		{E20CD357-16F0-4299-A0EB-9440BC87D043}.Release|Any CPU.ActiveCfg = Release|Any CPU
		{E20CD357-16F0-4299-A0EB-9440BC87D043}.Release|Any CPU.Build.0 = Release|Any CPU
		{617004B4-89C6-4676-878B-54576AA4EC1B}.Debug|Any CPU.ActiveCfg = Debug|Any CPU
		{617004B4-89C6-4676-878B-54576AA4EC1B}.Debug|Any CPU.Build.0 = Debug|Any CPU
		{617004B4-89C6-4676-878B-54576AA4EC1B}.Release|Any CPU.ActiveCfg = Release|Any CPU
		{617004B4-89C6-4676-878B-54576AA4EC1B}.Release|Any CPU.Build.0 = Release|Any CPU
		{F2852532-557F-4FA1-BE3D-624174714D9D}.Debug|Any CPU.ActiveCfg = Debug|Any CPU
		{F2852532-557F-4FA1-BE3D-624174714D9D}.Debug|Any CPU.Build.0 = Debug|Any CPU
		{F2852532-557F-4FA1-BE3D-624174714D9D}.Release|Any CPU.ActiveCfg = Release|Any CPU
		{F2852532-557F-4FA1-BE3D-624174714D9D}.Release|Any CPU.Build.0 = Release|Any CPU
		{79FFBF19-87BD-427F-874A-C4BB50680B56}.Debug|Any CPU.ActiveCfg = Debug|Any CPU
		{79FFBF19-87BD-427F-874A-C4BB50680B56}.Debug|Any CPU.Build.0 = Debug|Any CPU
		{79FFBF19-87BD-427F-874A-C4BB50680B56}.Release|Any CPU.ActiveCfg = Release|Any CPU
		{79FFBF19-87BD-427F-874A-C4BB50680B56}.Release|Any CPU.Build.0 = Release|Any CPU
	EndGlobalSection
	GlobalSection(SolutionProperties) = preSolution
		HideSolutionNode = FALSE
	EndGlobalSection
	GlobalSection(ExtensibilityGlobals) = postSolution
		SolutionGuid = {1F8185B8-AEDD-4B90-81C7-93219079E614}
	EndGlobalSection
EndGlobal
